
Microsoft Visual Studio Solution File, Format Version 12.00
# Visual Studio Version 17
VisualStudioVersion = 17.11.35208.52
MinimumVisualStudioVersion = 10.0.40219.1
Project("{8BC9CEB8-8B4A-11D0-8D11-00A0C91BC942}") = "ProcessMemoryScanner", "ProcessMemoryScanner\ProcessMemoryScanner.vcxproj", "{497A1544-8CFD-42AA-ABFF-2B375E33F7E4}"
EndProject
Project("{8BC9CEB8-8B4A-11D0-8D11-00A0C91BC942}") = "SharedStuffLib", "..\SharedStuffLib\SharedStuffLib\SharedStuffLib.vcxproj", "{91A9488C-7202-41CF-B563-EF1908D4B144}"
EndProject
Project("{8BC9CEB8-8B4A-11D0-8D11-00A0C91BC942}") = "MemoryHackerLib", "..\MemoryHackerLib\MemoryHackerLib\MemoryHackerLib.vcxproj", "{516BFD95-A3CB-435E-8436-CC172A77AA80}"
EndProject
Project("{911E67C6-3D85-4FCE-B560-20A9C3E3FF48}") = "FixedMemoryApplication", "..\FixedMemoryApplication\x64\Release\FixedMemoryApplication.exe", "{1D242DE2-62DF-4AF2-A451-D82AD7ED444C}"
	ProjectSection(DebuggerProjectSystem) = preProject
		PortSupplier = 00000000-0000-0000-0000-000000000000
		Executable = C:\Users\musli\ArtHome\Projects\FixedMemoryApplication\x64\Release\FixedMemoryApplication.exe
		RemoteMachine = FERMA
		StartingDirectory = C:\Users\musli\ArtHome\Projects\FixedMemoryApplication\x64\Release
		Environment = Default
		LaunchingEngine = 00000000-0000-0000-0000-000000000000
		UseLegacyDebugEngines = No
		LaunchSQLEngine = No
		AttachLaunchAction = No
		IORedirection = Auto
	EndProjectSection
EndProject
Global
	GlobalSection(SolutionConfigurationPlatforms) = preSolution
		Debug|x64 = Debug|x64
		Debug|x86 = Debug|x86
		Release|x64 = Release|x64
		Release|x86 = Release|x86
	EndGlobalSection
	GlobalSection(ProjectConfigurationPlatforms) = postSolution
		{497A1544-8CFD-42AA-ABFF-2B375E33F7E4}.Debug|x64.ActiveCfg = Debug|x64
		{497A1544-8CFD-42AA-ABFF-2B375E33F7E4}.Debug|x64.Build.0 = Debug|x64
		{497A1544-8CFD-42AA-ABFF-2B375E33F7E4}.Debug|x86.ActiveCfg = Debug|Win32
		{497A1544-8CFD-42AA-ABFF-2B375E33F7E4}.Debug|x86.Build.0 = Debug|Win32
		{497A1544-8CFD-42AA-ABFF-2B375E33F7E4}.Release|x64.ActiveCfg = Release|x64
		{497A1544-8CFD-42AA-ABFF-2B375E33F7E4}.Release|x64.Build.0 = Release|x64
		{497A1544-8CFD-42AA-ABFF-2B375E33F7E4}.Release|x86.ActiveCfg = Release|Win32
		{497A1544-8CFD-42AA-ABFF-2B375E33F7E4}.Release|x86.Build.0 = Release|Win32
		{91A9488C-7202-41CF-B563-EF1908D4B144}.Debug|x64.ActiveCfg = Debug|x64
		{91A9488C-7202-41CF-B563-EF1908D4B144}.Debug|x64.Build.0 = Debug|x64
		{91A9488C-7202-41CF-B563-EF1908D4B144}.Debug|x86.ActiveCfg = Debug|Win32
		{91A9488C-7202-41CF-B563-EF1908D4B144}.Debug|x86.Build.0 = Debug|Win32
		{91A9488C-7202-41CF-B563-EF1908D4B144}.Release|x64.ActiveCfg = Release|x64
		{91A9488C-7202-41CF-B563-EF1908D4B144}.Release|x64.Build.0 = Release|x64
		{91A9488C-7202-41CF-B563-EF1908D4B144}.Release|x86.ActiveCfg = Release|Win32
		{91A9488C-7202-41CF-B563-EF1908D4B144}.Release|x86.Build.0 = Release|Win32
		{516BFD95-A3CB-435E-8436-CC172A77AA80}.Debug|x64.ActiveCfg = Debug|x64
		{516BFD95-A3CB-435E-8436-CC172A77AA80}.Debug|x64.Build.0 = Debug|x64
		{516BFD95-A3CB-435E-8436-CC172A77AA80}.Debug|x86.ActiveCfg = Debug|Win32
		{516BFD95-A3CB-435E-8436-CC172A77AA80}.Debug|x86.Build.0 = Debug|Win32
		{516BFD95-A3CB-435E-8436-CC172A77AA80}.Release|x64.ActiveCfg = Release|x64
		{516BFD95-A3CB-435E-8436-CC172A77AA80}.Release|x64.Build.0 = Release|x64
		{516BFD95-A3CB-435E-8436-CC172A77AA80}.Release|x86.ActiveCfg = Release|Win32
		{516BFD95-A3CB-435E-8436-CC172A77AA80}.Release|x86.Build.0 = Release|Win32
		{1D242DE2-62DF-4AF2-A451-D82AD7ED444C}.Debug|x64.ActiveCfg = Release|x64
		{1D242DE2-62DF-4AF2-A451-D82AD7ED444C}.Debug|x86.ActiveCfg = Release|x64
		{1D242DE2-62DF-4AF2-A451-D82AD7ED444C}.Release|x64.ActiveCfg = Release|x64
		{1D242DE2-62DF-4AF2-A451-D82AD7ED444C}.Release|x86.ActiveCfg = Release|x64
	EndGlobalSection
	GlobalSection(SolutionProperties) = preSolution
		HideSolutionNode = FALSE
	EndGlobalSection
	GlobalSection(ExtensibilityGlobals) = postSolution
		SolutionGuid = {9EA793F3-8963-42B7-B3FF-EF1F5B44594B}
	EndGlobalSection
EndGlobal
